Microsoft Visual Studio Solution File, Format Version 12.00
# Visual Studio 2012
Project("{FAE04EC0-301F-11D3-BF4B-00C04F79EFBC}") = "ParksSandbox", "ParksSandbox.csproj", "{15F7A768-3000-47A5-887D-C360ED15E79A}"
EndProject
Global
	GlobalSection(SolutionConfigurationPlatforms) = preSolution
	Debug|Any CPU = Debug|Any CPU
	ExportDebug|Any CPU = ExportDebug|Any CPU
	ExportRelease|Any CPU = ExportRelease|Any CPU
	EndGlobalSection
	GlobalSection(ProjectConfigurationPlatforms) = postSolution
		{15F7A768-3000-47A5-887D-C360ED15E79A}.Debug|Any CPU.ActiveCfg = Debug|Any CPU
		{15F7A768-3000-47A5-887D-C360ED15E79A}.Debug|Any CPU.Build.0 = Debug|Any CPU
		{15F7A768-3000-47A5-887D-C360ED15E79A}.ExportDebug|Any CPU.ActiveCfg = ExportDebug|Any CPU
		{15F7A768-3000-47A5-887D-C360ED15E79A}.ExportDebug|Any CPU.Build.0 = ExportDebug|Any CPU
		{15F7A768-3000-47A5-887D-C360ED15E79A}.ExportRelease|Any CPU.ActiveCfg = ExportRelease|Any CPU
		{15F7A768-3000-47A5-887D-C360ED15E79A}.ExportRelease|Any CPU.Build.0 = ExportRelease|Any CPU
	EndGlobalSection
EndGlobal
